// !$*UTF8*$!
{
	archiveVersion = 1;
	classes = {
	};
	objectVersion = 50;
	objects = {

/* Begin PBXBuildFile section */
		B0785939260E0FC800A2D911 /* FirstApp.swift in Sources */ = {isa = PBXBuildFile; fileRef = B0785938260E0FC800A2D911 /* FirstApp.swift */; };
		B078593B260E0FC800A2D911 /* ContentView.swift in Sources */ = {isa = PBXBuildFile; fileRef = B078593A260E0FC800A2D911 /* ContentView.swift */; };
		B078593D260E0FCA00A2D911 /* Assets.xcassets in Resources */ = {isa = PBXBuildFile; fileRef = B078593C260E0FCA00A2D911 /* Assets.xcassets */; };
		B0785940260E0FCA00A2D911 /* Preview Assets.xcassets in Resources */ = {isa = PBXBuildFile; fileRef = B078593F260E0FCA00A2D911 /* Preview Assets.xcassets */; };
		B078594B260E0FCB00A2D911 /* FirstTests.swift in Sources */ = {isa = PBXBuildFile; fileRef = B078594A260E0FCB00A2D911 /* FirstTests.swift */; };
		B0785956260E0FCB00A2D911 /* FirstUITests.swift in Sources */ = {isa = PBXBuildFile; fileRef = B0785955260E0FCB00A2D911 /* FirstUITests.swift */; };
/* End PBXBuildFile section */

/* Begin PBXContainerItemProxy section */
		B0785947260E0FCB00A2D911 /* PBXContainerItemProxy */ = {
			isa = PBXContainerItemProxy;
			containerPortal = B078592D260E0FC800A2D911 /* Project object */;
			proxyType = 1;
			remoteGlobalIDString = B0785934260E0FC800A2D911;
			remoteInfo = First;
		};
		B0785952260E0FCB00A2D911 /* PBXContainerItemProxy */ = {
			isa = PBXContainerItemProxy;
			containerPortal = B078592D260E0FC800A2D911 /* Project object */;
			proxyType = 1;
			remoteGlobalIDString = B0785934260E0FC800A2D911;
			remoteInfo = First;
		};
/* End PBXContainerItemProxy section */

/* Begin PBXFileReference section */
		B0785935260E0FC800A2D911 /* First.app */ = {isa = PBXFileReference; explicitFileType = wrapper.application; includeInIndex = 0; path = First.app; sourceTree = BUILT_PRODUCTS_DIR; };
		B0785938260E0FC800A2D911 /* FirstApp.swift */ = {isa = PBXFileReference; lastKnownFileType = sourcecode.swift; path = FirstApp.swift; sourceTree = "<group>"; };
		B078593A260E0FC800A2D911 /* ContentView.swift */ = {isa = PBXFileReference; lastKnownFileType = sourcecode.swift; path = ContentView.swift; sourceTree = "<group>"; };
		B078593C260E0FCA00A2D911 /* Assets.xcassets */ = {isa = PBXFileReference; lastKnownFileType = folder.assetcatalog; path = Assets.xcassets; sourceTree = "<group>"; };
		B078593F260E0FCA00A2D911 /* Preview Assets.xcassets */ = {isa = PBXFileReference; lastKnownFileType = folder.assetcatalog; path = "Preview Assets.xcassets"; sourceTree = "<group>"; };
		B0785941260E0FCA00A2D911 /* Info.plist */ = {isa = PBXFileReference; lastKnownFileType = text.plist.xml; path = Info.plist; sourceTree = "<group>"; };
		B0785946260E0FCB00A2D911 /* FirstTests.xctest */ = {isa = PBXFileReference; explicitFileType = wrapper.cfbundle; includeInIndex = 0; path = FirstTests.xctest; sourceTree = BUILT_PRODUCTS_DIR; };
		B078594A260E0FCB00A2D911 /* FirstTests.swift */ = {isa = PBXFileReference; lastKnownFileType = sourcecode.swift; path = FirstTests.swift; sourceTree = "<group>"; };
		B078594C260E0FCB00A2D911 /* Info.plist */ = {isa = PBXFileReference; lastKnownFileType = text.plist.xml; path = Info.plist; sourceTree = "<group>"; };
		B0785951260E0FCB00A2D911 /* FirstUITests.xctest */ = {isa = PBXFileReference; explicitFileType = wrapper.cfbundle; includeInIndex = 0; path = FirstUITests.xctest; sourceTree = BUILT_PRODUCTS_DIR; };
		B0785955260E0FCB00A2D911 /* FirstUITests.swift */ = {isa = PBXFileReference; lastKnownFileType = sourcecode.swift; path = FirstUITests.swift; sourceTree = "<group>"; };
		B0785957260E0FCB00A2D911 /* Info.plist */ = {isa = PBXFileReference; lastKnownFileType = text.plist.xml; path = Info.plist; sourceTree = "<group>"; };
/* End PBXFileReference section */

/* Begin PBXFrameworksBuildPhase section */
		B0785932260E0FC800A2D911 /* Frameworks */ = {
			isa = PBXFrameworksBuildPhase;
			buildActionMask = 2147483647;
			files = (
			);
			runOnlyForDeploymentPostprocessing = 0;
		};
		B0785943260E0FCB00A2D911 /* Frameworks */ = {
			isa = PBXFrameworksBuildPhase;
			buildActionMask = 2147483647;
			files = (
			);
			runOnlyForDeploymentPostprocessing = 0;
		};
		B078594E260E0FCB00A2D911 /* Frameworks */ = {
			isa = PBXFrameworksBuildPhase;
			buildActionMask = 2147483647;
			files = (
			);
			runOnlyForDeploymentPostprocessing = 0;
		};
/* End PBXFrameworksBuildPhase section */

/* Begin PBXGroup section */
		B078592C260E0FC800A2D911 = {
			isa = PBXGroup;
			children = (
				B0785937260E0FC800A2D911 /* First */,
				B0785949260E0FCB00A2D911 /* FirstTests */,
				B0785954260E0FCB00A2D911 /* FirstUITests */,
				B0785936260E0FC800A2D911 /* Products */,
			);
			sourceTree = "<group>";
		};
		B0785936260E0FC800A2D911 /* Products */ = {
			isa = PBXGroup;
			children = (
				B0785935260E0FC800A2D911 /* First.app */,
				B0785946260E0FCB00A2D911 /* FirstTests.xctest */,
				B0785951260E0FCB00A2D911 /* FirstUITests.xctest */,
			);
			name = Products;
			sourceTree = "<group>";
		};
		B0785937260E0FC800A2D911 /* First */ = {
			isa = PBXGroup;
			children = (
				B0785938260E0FC800A2D911 /* FirstApp.swift */,
				B078593A260E0FC800A2D911 /* ContentView.swift */,
				B078593C260E0FCA00A2D911 /* Assets.xcassets */,
				B0785941260E0FCA00A2D911 /* Info.plist */,
				B078593E260E0FCA00A2D911 /* Preview Content */,
			);
			path = First;
			sourceTree = "<group>";
		};
		B078593E260E0FCA00A2D911 /* Preview Content */ = {
			isa = PBXGroup;
			children = (
				B078593F260E0FCA00A2D911 /* Preview Assets.xcassets */,
			);
			path = "Preview Content";
			sourceTree = "<group>";
		};
		B0785949260E0FCB00A2D911 /* FirstTests */ = {
			isa = PBXGroup;
			children = (
				B078594A260E0FCB00A2D911 /* FirstTests.swift */,
				B078594C260E0FCB00A2D911 /* Info.plist */,
			);
			path = FirstTests;
			sourceTree = "<group>";
		};
		B0785954260E0FCB00A2D911 /* FirstUITests */ = {
			isa = PBXGroup;
			children = (
				B0785955260E0FCB00A2D911 /* FirstUITests.swift */,
				B0785957260E0FCB00A2D911 /* Info.plist */,
			);
			path = FirstUITests;
			sourceTree = "<group>";
		};
/* End PBXGroup section */

/* Begin PBXNativeTarget section */
		B0785934260E0FC800A2D911 /* First */ = {
			isa = PBXNativeTarget;
			buildConfigurationList = B078595A260E0FCB00A2D911 /* Build configuration list for PBXNativeTarget "First" */;
			buildPhases = (
				B0785931260E0FC800A2D911 /* Sources */,
				B0785932260E0FC800A2D911 /* Frameworks */,
				B0785933260E0FC800A2D911 /* Resources */,
			);
			buildRules = (
			);
			dependencies = (
			);
			name = First;
			productName = First;
			productReference = B0785935260E0FC800A2D911 /* First.app */;
			productType = "com.apple.product-type.application";
		};
		B0785945260E0FCB00A2D911 /* FirstTests */ = {
			isa = PBXNativeTarget;
			buildConfigurationList = B078595D260E0FCB00A2D911 /* Build configuration list for PBXNativeTarget "FirstTests" */;
			buildPhases = (
				B0785942260E0FCB00A2D911 /* Sources */,
				B0785943260E0FCB00A2D911 /* Frameworks */,
				B0785944260E0FCB00A2D911 /* Resources */,
			);
			buildRules = (
			);
			dependencies = (
				B0785948260E0FCB00A2D911 /* PBXTargetDependency */,
			);
			name = FirstTests;
			productName = FirstTests;
			productReference = B0785946260E0FCB00A2D911 /* FirstTests.xctest */;
			productType = "com.apple.product-type.bundle.unit-test";
		};
		B0785950260E0FCB00A2D911 /* FirstUITests */ = {
			isa = PBXNativeTarget;
			buildConfigurationList = B0785960260E0FCB00A2D911 /* Build configuration list for PBXNativeTarget "FirstUITests" */;
			buildPhases = (
				B078594D260E0FCB00A2D911 /* Sources */,
				B078594E260E0FCB00A2D911 /* Frameworks */,
				B078594F260E0FCB00A2D911 /* Resources */,
			);
			buildRules = (
			);
			dependencies = (
				B0785953260E0FCB00A2D911 /* PBXTargetDependency */,
			);
			name = FirstUITests;
			productName = FirstUITests;
			productReference = B0785951260E0FCB00A2D911 /* FirstUITests.xctest */;
			productType = "com.apple.product-type.bundle.ui-testing";
		};
/* End PBXNativeTarget section */

/* Begin PBXProject section */
		B078592D260E0FC800A2D911 /* Project object */ = {
			isa = PBXProject;
			attributes = {
				LastSwiftUpdateCheck = 1240;
				LastUpgradeCheck = 1240;
				TargetAttributes = {
					B0785934260E0FC800A2D911 = {
						CreatedOnToolsVersion = 12.4;
					};
					B0785945260E0FCB00A2D911 = {
						CreatedOnToolsVersion = 12.4;
						TestTargetID = B0785934260E0FC800A2D911;
					};
					B0785950260E0FCB00A2D911 = {
						CreatedOnToolsVersion = 12.4;
						TestTargetID = B0785934260E0FC800A2D911;
					};
				};
			};
			buildConfigurationList = B0785930260E0FC800A2D911 /* Build configuration list for PBXProject "First" */;
			compatibilityVersion = "Xcode 9.3";
			developmentRegion = en;
			hasScannedForEncodings = 0;
			knownRegions = (
				en,
				Base,
			);
			mainGroup = B078592C260E0FC800A2D911;
			productRefGroup = B0785936260E0FC800A2D911 /* Products */;
			projectDirPath = "";
			projectRoot = "";
			targets = (
				B0785934260E0FC800A2D911 /* First */,
				B0785945260E0FCB00A2D911 /* FirstTests */,
				B0785950260E0FCB00A2D911 /* FirstUITests */,
			);
		};
/* End PBXProject section */

/* Begin PBXResourcesBuildPhase section */
		B0785933260E0FC800A2D911 /* Resources */ = {
			isa = PBXResourcesBuildPhase;
			buildActionMask = 2147483647;
			files = (
				B0785940260E0FCA00A2D911 /* Preview Assets.xcassets in Resources */,
				B078593D260E0FCA00A2D911 /* Assets.xcassets in Resources */,
			);
			runOnlyForDeploymentPostprocessing = 0;
		};
		B0785944260E0FCB00A2D911 /* Resources */ = {
			isa = PBXResourcesBuildPhase;
			buildActionMask = 2147483647;
			files = (
			);
			runOnlyForDeploymentPostprocessing = 0;
		};
		B078594F260E0FCB00A2D911 /* Resources */ = {
			isa = PBXResourcesBuildPhase;
			buildActionMask = 2147483647;
			files = (
			);
			runOnlyForDeploymentPostprocessing = 0;
		};
/* End PBXResourcesBuildPhase section */

/* Begin PBXSourcesBuildPhase section */
		B0785931260E0FC800A2D911 /* Sources */ = {
			isa = PBXSourcesBuildPhase;
			buildActionMask = 2147483647;
			files = (
				B078593B260E0FC800A2D911 /* ContentView.swift in Sources */,
				B0785939260E0FC800A2D911 /* FirstApp.swift in Sources */,
			);
			runOnlyForDeploymentPostprocessing = 0;
		};
		B0785942260E0FCB00A2D911 /* Sources */ = {
			isa = PBXSourcesBuildPhase;
			buildActionMask = 2147483647;
			files = (
				B078594B260E0FCB00A2D911 /* FirstTests.swift in Sources */,
			);
			runOnlyForDeploymentPostprocessing = 0;
		};
		B078594D260E0FCB00A2D911 /* Sources */ = {
			isa = PBXSourcesBuildPhase;
			buildActionMask = 2147483647;
			files = (
				B0785956260E0FCB00A2D911 /* FirstUITests.swift in Sources */,
			);
			runOnlyForDeploymentPostprocessing = 0;
		};
/* End PBXSourcesBuildPhase section */

/* Begin PBXTargetDependency section */
		B0785948260E0FCB00A2D911 /* PBXTargetDependency */ = {
			isa = PBXTargetDependency;
			target = B0785934260E0FC800A2D911 /* First */;
			targetProxy = B0785947260E0FCB00A2D911 /* PBXContainerItemProxy */;
		};
		B0785953260E0FCB00A2D911 /* PBXTargetDependency */ = {
			isa = PBXTargetDependency;
			target = B0785934260E0FC800A2D911 /* First */;
			targetProxy = B0785952260E0FCB00A2D911 /* PBXContainerItemProxy */;
		};
/* End PBXTargetDependency section */

/* Begin XCBuildConfiguration section */
		B0785958260E0FCB00A2D911 /* Debug */ = {
			isa = XCBuildConfiguration;
			buildSettings = {
				ALWAYS_SEARCH_USER_PATHS = NO;
				CLANG_ANALYZER_NONNULL = YES;
				CLANG_ANALYZER_NUMBER_OBJECT_CONVERSION = YES_AGGRESSIVE;
				CLANG_CXX_LANGUAGE_STANDARD = "gnu++14";
				CLANG_CXX_LIBRARY = "libc++";
				CLANG_ENABLE_MODULES = YES;
				CLANG_ENABLE_OBJC_ARC = YES;
				CLANG_ENABLE_OBJC_WEAK = YES;
				CLANG_WARN_BLOCK_CAPTURE_AUTORELEASING = YES;
				CLANG_WARN_BOOL_CONVERSION = YES;
				CLANG_WARN_COMMA = YES;
				CLANG_WARN_CONSTANT_CONVERSION = YES;
				CLANG_WARN_DEPRECATED_OBJC_IMPLEMENTATIONS = YES;
				CLANG_WARN_DIRECT_OBJC_ISA_USAGE = YES_ERROR;
				CLANG_WARN_DOCUMENTATION_COMMENTS = YES;
				CLANG_WARN_EMPTY_BODY = YES;
				CLANG_WARN_ENUM_CONVERSION = YES;
				CLANG_WARN_INFINITE_RECURSION = YES;
				CLANG_WARN_INT_CONVERSION = YES;
				CLANG_WARN_NON_LITERAL_NULL_CONVERSION = YES;
				CLANG_WARN_OBJC_IMPLICIT_RETAIN_SELF = YES;
				CLANG_WARN_OBJC_LITERAL_CONVERSION = YES;
				CLANG_WARN_OBJC_ROOT_CLASS = YES_ERROR;
				CLANG_WARN_QUOTED_INCLUDE_IN_FRAMEWORK_HEADER = YES;
				CLANG_WARN_RANGE_LOOP_ANALYSIS = YES;
				CLANG_WARN_STRICT_PROTOTYPES = YES;
				CLANG_WARN_SUSPICIOUS_MOVE = YES;
				CLANG_WARN_UNGUARDED_AVAILABILITY = YES_AGGRESSIVE;
				CLANG_WARN_UNREACHABLE_CODE = YES;
				CLANG_WARN__DUPLICATE_METHOD_MATCH = YES;
				COPY_PHASE_STRIP = NO;
				DEBUG_INFORMATION_FORMAT = dwarf;
				ENABLE_STRICT_OBJC_MSGSEND = YES;
				ENABLE_TESTABILITY = YES;
				GCC_C_LANGUAGE_STANDARD = gnu11;
				GCC_DYNAMIC_NO_PIC = NO;
				GCC_NO_COMMON_BLOCKS = YES;
				GCC_OPTIMIZATION_LEVEL = 0;
				GCC_PREPROCESSOR_DEFINITIONS = (
					"DEBUG=1",
					"$(inherited)",
				);
				GCC_WARN_64_TO_32_BIT_CONVERSION = YES;
				GCC_WARN_ABOUT_RETURN_TYPE = YES_ERROR;
				GCC_WARN_UNDECLARED_SELECTOR = YES;
				GCC_WARN_UNINITIALIZED_AUTOS = YES_AGGRESSIVE;
				GCC_WARN_UNUSED_FUNCTION = YES;
				GCC_WARN_UNUSED_VARIABLE = YES;
				IPHONEOS_DEPLOYMENT_TARGET = 14.4;
				MTL_ENABLE_DEBUG_INFO = INCLUDE_SOURCE;
				MTL_FAST_MATH = YES;
				ONLY_ACTIVE_ARCH = YES;
				SDKROOT = iphoneos;
				SWIFT_ACTIVE_COMPILATION_CONDITIONS = DEBUG;
				SWIFT_OPTIMIZATION_LEVEL = "-Onone";
			};
			name = Debug;
		};
		B0785959260E0FCB00A2D911 /* Release */ = {
			isa = XCBuildConfiguration;
			buildSettings = {
				ALWAYS_SEARCH_USER_PATHS = NO;
				CLANG_ANALYZER_NONNULL = YES;
				CLANG_ANALYZER_NUMBER_OBJECT_CONVERSION = YES_AGGRESSIVE;
				CLANG_CXX_LANGUAGE_STANDARD = "gnu++14";
				CLANG_CXX_LIBRARY = "libc++";
				CLANG_ENABLE_MODULES = YES;
				CLANG_ENABLE_OBJC_ARC = YES;
				CLANG_ENABLE_OBJC_WEAK = YES;
				CLANG_WARN_BLOCK_CAPTURE_AUTORELEASING = YES;
				CLANG_WARN_BOOL_CONVERSION = YES;
				CLANG_WARN_COMMA = YES;
				CLANG_WARN_CONSTANT_CONVERSION = YES;
				CLANG_WARN_DEPRECATED_OBJC_IMPLEMENTATIONS = YES;
				CLANG_WARN_DIRECT_OBJC_ISA_USAGE = YES_ERROR;
				CLANG_WARN_DOCUMENTATION_COMMENTS = YES;
				CLANG_WARN_EMPTY_BODY = YES;
				CLANG_WARN_ENUM_CONVERSION = YES;
				CLANG_WARN_INFINITE_RECURSION = YES;
				CLANG_WARN_INT_CONVERSION = YES;
				CLANG_WARN_NON_LITERAL_NULL_CONVERSION = YES;
				CLANG_WARN_OBJC_IMPLICIT_RETAIN_SELF = YES;
				CLANG_WARN_OBJC_LITERAL_CONVERSION = YES;
				CLANG_WARN_OBJC_ROOT_CLASS = YES_ERROR;
				CLANG_WARN_QUOTED_INCLUDE_IN_FRAMEWORK_HEADER = YES;
				CLANG_WARN_RANGE_LOOP_ANALYSIS = YES;
				CLANG_WARN_STRICT_PROTOTYPES = YES;
				CLANG_WARN_SUSPICIOUS_MOVE = YES;
				CLANG_WARN_UNGUARDED_AVAILABILITY = YES_AGGRESSIVE;
				CLANG_WARN_UNREACHABLE_CODE = YES;
				CLANG_WARN__DUPLICATE_METHOD_MATCH = YES;
				COPY_PHASE_STRIP = NO;
				DEBUG_INFORMATION_FORMAT = "dwarf-with-dsym";
				ENABLE_NS_ASSERTIONS = NO;
				ENABLE_STRICT_OBJC_MSGSEND = YES;
				GCC_C_LANGUAGE_STANDARD = gnu11;
				GCC_NO_COMMON_BLOCKS = YES;
				GCC_WARN_64_TO_32_BIT_CONVERSION = YES;
				GCC_WARN_ABOUT_RETURN_TYPE = YES_ERROR;
				GCC_WARN_UNDECLARED_SELECTOR = YES;
				GCC_WARN_UNINITIALIZED_AUTOS = YES_AGGRESSIVE;
				GCC_WARN_UNUSED_FUNCTION = YES;
				GCC_WARN_UNUSED_VARIABLE = YES;
				IPHONEOS_DEPLOYMENT_TARGET = 14.4;
				MTL_ENABLE_DEBUG_INFO = NO;
				MTL_FAST_MATH = YES;
				SDKROOT = iphoneos;
				SWIFT_COMPILATION_MODE = wholemodule;
				SWIFT_OPTIMIZATION_LEVEL = "-O";
				VALIDATE_PRODUCT = YES;
			};
			name = Release;
		};
		B078595B260E0FCB00A2D911 /* Debug */ = {
			isa = XCBuildConfiguration;
			buildSettings = {
				ASSETCATALOG_COMPILER_APPICON_NAME = AppIcon;
				ASSETCATALOG_COMPILER_GLOBAL_ACCENT_COLOR_NAME = AccentColor;
				CODE_SIGN_STYLE = Automatic;
				DEVELOPMENT_ASSET_PATHS = "\"First/Preview Content\"";
				DEVELOPMENT_TEAM = SQF9C3V5QF;
				ENABLE_PREVIEWS = YES;
				INFOPLIST_FILE = First/Info.plist;
				IPHONEOS_DEPLOYMENT_TARGET = 14.0;
				LD_RUNPATH_SEARCH_PATHS = (
					"$(inherited)",
					"@executable_path/Frameworks",
				);
				PRODUCT_BUNDLE_IDENTIFIER = crystalswordstudios.First;
				PRODUCT_NAME = "$(TARGET_NAME)";
				SWIFT_VERSION = 5.0;
				TARGETED_DEVICE_FAMILY = 1;
			};
			name = Debug;
		};
		B078595C260E0FCB00A2D911 /* Release */ = {
			isa = XCBuildConfiguration;
			buildSettings = {
				ASSETCATALOG_COMPILER_APPICON_NAME = AppIcon;
				ASSETCATALOG_COMPILER_GLOBAL_ACCENT_COLOR_NAME = AccentColor;
				CODE_SIGN_STYLE = Automatic;
				DEVELOPMENT_ASSET_PATHS = "\"First/Preview Content\"";
				DEVELOPMENT_TEAM = SQF9C3V5QF;
				ENABLE_PREVIEWS = YES;
				INFOPLIST_FILE = First/Info.plist;
				IPHONEOS_DEPLOYMENT_TARGET = 14.0;
				LD_RUNPATH_SEARCH_PATHS = (
					"$(inherited)",
					"@executable_path/Frameworks",
				);
				PRODUCT_BUNDLE_IDENTIFIER = crystalswordstudios.First;
				PRODUCT_NAME = "$(TARGET_NAME)";
				SWIFT_VERSION = 5.0;
				TARGETED_DEVICE_FAMILY = 1;
			};
			name = Release;
		};
		B078595E260E0FCB00A2D911 /* Debug */ = {
			isa = XCBuildConfiguration;
			buildSettings = {
				ALWAYS_EMBED_SWIFT_STANDARD_LIBRARIES = YES;
				BUNDLE_LOADER = "$(TEST_HOST)";
				CODE_SIGN_STYLE = Automatic;
				DEVELOPMENT_TEAM = SQF9C3V5QF;
				INFOPLIST_FILE = FirstTests/Info.plist;
				IPHONEOS_DEPLOYMENT_TARGET = 14.0;
				LD_RUNPATH_SEARCH_PATHS = (
					"$(inherited)",
					"@executable_path/Frameworks",
					"@loader_path/Frameworks",
				);
				PRODUCT_BUNDLE_IDENTIFIER = crystalswordstudios.FirstTests;
				PRODUCT_NAME = "$(TARGET_NAME)";
				SWIFT_VERSION = 5.0;
				TARGETED_DEVICE_FAMILY = "1,2";
				TEST_HOST = "$(BUILT_PRODUCTS_DIR)/First.app/First";
			};
			name = Debug;
		};
		B078595F260E0FCB00A2D911 /* Release */ = {
			isa = XCBuildConfiguration;
			buildSettings = {
				ALWAYS_EMBED_SWIFT_STANDARD_LIBRARIES = YES;
				BUNDLE_LOADER = "$(TEST_HOST)";
				CODE_SIGN_STYLE = Automatic;
				DEVELOPMENT_TEAM = SQF9C3V5QF;
				INFOPLIST_FILE = FirstTests/Info.plist;
				IPHONEOS_DEPLOYMENT_TARGET = 14.0;
				LD_RUNPATH_SEARCH_PATHS = (
					"$(inherited)",
					"@executable_path/Frameworks",
					"@loader_path/Frameworks",
				);
				PRODUCT_BUNDLE_IDENTIFIER = crystalswordstudios.FirstTests;
				PRODUCT_NAME = "$(TARGET_NAME)";
				SWIFT_VERSION = 5.0;
				TARGETED_DEVICE_FAMILY = "1,2";
				TEST_HOST = "$(BUILT_PRODUCTS_DIR)/First.app/First";
			};
			name = Release;
		};
		B0785961260E0FCB00A2D911 /* Debug */ = {
			isa = XCBuildConfiguration;
			buildSettings = {
				ALWAYS_EMBED_SWIFT_STANDARD_LIBRARIES = YES;
				CODE_SIGN_STYLE = Automatic;
				DEVELOPMENT_TEAM = SQF9C3V5QF;
				INFOPLIST_FILE = FirstUITests/Info.plist;
				LD_RUNPATH_SEARCH_PATHS = (
					"$(inherited)",
					"@executable_path/Frameworks",
					"@loader_path/Frameworks",
				);
				PRODUCT_BUNDLE_IDENTIFIER = crystalswordstudios.FirstUITests;
				PRODUCT_NAME = "$(TARGET_NAME)";
				SWIFT_VERSION = 5.0;
				TARGETED_DEVICE_FAMILY = "1,2";
				TEST_TARGET_NAME = First;
			};
			name = Debug;
		};
		B0785962260E0FCB00A2D911 /* Release */ = {
			isa = XCBuildConfiguration;
			buildSettings = {
				ALWAYS_EMBED_SWIFT_STANDARD_LIBRARIES = YES;
				CODE_SIGN_STYLE = Automatic;
				DEVELOPMENT_TEAM = SQF9C3V5QF;
				INFOPLIST_FILE = FirstUITests/Info.plist;
				LD_RUNPATH_SEARCH_PATHS = (
					"$(inherited)",
					"@executable_path/Frameworks",
					"@loader_path/Frameworks",
				);
				PRODUCT_BUNDLE_IDENTIFIER = crystalswordstudios.FirstUITests;
				PRODUCT_NAME = "$(TARGET_NAME)";
				SWIFT_VERSION = 5.0;
				TARGETED_DEVICE_FAMILY = "1,2";
				TEST_TARGET_NAME = First;
			};
			name = Release;
		};
/* End XCBuildConfiguration section */

/* Begin XCConfigurationList section */
		B0785930260E0FC800A2D911 /* Build configuration list for PBXProject "First" */ = {
			isa = XCConfigurationList;
			buildConfigurations = (
				B0785958260E0FCB00A2D911 /* Debug */,
				B0785959260E0FCB00A2D911 /* Release */,
			);
			defaultConfigurationIsVisible = 0;
			defaultConfigurationName = Release;
		};
		B078595A260E0FCB00A2D911 /* Build configuration list for PBXNativeTarget "First" */ = {
			isa = XCConfigurationList;
			buildConfigurations = (
				B078595B260E0FCB00A2D911 /* Debug */,
				B078595C260E0FCB00A2D911 /* Release */,
			);
			defaultConfigurationIsVisible = 0;
			defaultConfigurationName = Release;
		};
		B078595D260E0FCB00A2D911 /* Build configuration list for PBXNativeTarget "FirstTests" */ = {
			isa = XCConfigurationList;
			buildConfigurations = (
				B078595E260E0FCB00A2D911 /* Debug */,
				B078595F260E0FCB00A2D911 /* Release */,
			);
			defaultConfigurationIsVisible = 0;
			defaultConfigurationName = Release;
		};
		B0785960260E0FCB00A2D911 /* Build configuration list for PBXNativeTarget "FirstUITests" */ = {
			isa = XCConfigurationList;
			buildConfigurations = (
				B0785961260E0FCB00A2D911 /* Debug */,
				B0785962260E0FCB00A2D911 /* Release */,
			);
			defaultConfigurationIsVisible = 0;
			defaultConfigurationName = Release;
		};
/* End XCConfigurationList section */
	};
	rootObject = B078592D260E0FC800A2D911 /* Project object */;
}
